
Microsoft Visual Studio Solution File, Format Version 12.00
# Visual Studio Version 17
VisualStudioVersion = 17.13.35919.96 d17.13
MinimumVisualStudioVersion = 10.0.40219.1
Project("{FAE04EC0-301F-11D3-BF4B-00C04F79EFBC}") = "Practica1 Comunicacion Serial y Visual C", "Practica1 Comunicacion Serial y Visual C.csproj", "{E51A5D28-A3C6-4289-B179-FCF1F871597D}"
EndProject
Global
	GlobalSection(SolutionConfigurationPlatforms) = preSolution
		Debug|Any CPU = Debug|Any CPU
		Release|Any CPU = Release|Any CPU
	EndGlobalSection
	GlobalSection(ProjectConfigurationPlatforms) = postSolution
		{E51A5D28-A3C6-4289-B179-FCF1F871597D}.Debug|Any CPU.ActiveCfg = Debug|Any CPU
		{E51A5D28-A3C6-4289-B179-FCF1F871597D}.Debug|Any CPU.Build.0 = Debug|Any CPU
		{E51A5D28-A3C6-4289-B179-FCF1F871597D}.Release|Any CPU.ActiveCfg = Release|Any CPU
		{E51A5D28-A3C6-4289-B179-FCF1F871597D}.Release|Any CPU.Build.0 = Release|Any CPU
	EndGlobalSection
	GlobalSection(SolutionProperties) = preSolution
		HideSolutionNode = FALSE
	EndGlobalSection
	GlobalSection(ExtensibilityGlobals) = postSolution
		SolutionGuid = {C495A770-28F2-4EDE-858B-20D7D068F0B4}
	EndGlobalSection
EndGlobal
